// !$*UTF8*$!
{
	archiveVersion = 1;
	classes = {
	};
	objectVersion = 50;
	objects = {

/* Begin PBXBuildFile section */
		24804DD025AE9CF000954770 /* Expandable_reminderApp.swift in Sources */ = {isa = PBXBuildFile; fileRef = 24804DCF25AE9CF000954770 /* Expandable_reminderApp.swift */; };
		24804DD225AE9CF000954770 /* ContentView.swift in Sources */ = {isa = PBXBuildFile; fileRef = 24804DD125AE9CF000954770 /* ContentView.swift */; };
		24804DD425AE9CF100954770 /* Assets.xcassets in Resources */ = {isa = PBXBuildFile; fileRef = 24804DD325AE9CF100954770 /* Assets.xcassets */; };
		24804DD725AE9CF100954770 /* Preview Assets.xcassets in Resources */ = {isa = PBXBuildFile; fileRef = 24804DD625AE9CF100954770 /* Preview Assets.xcassets */; };
		24804DE525AE9D9000954770 /* reminder.json in Resources */ = {isa = PBXBuildFile; fileRef = 24804DE425AE9D9000954770 /* reminder.json */; };
		24804DE825AE9DDC00954770 /* reminder.swift in Sources */ = {isa = PBXBuildFile; fileRef = 24804DE725AE9DDC00954770 /* reminder.swift */; };
/* End PBXBuildFile section */

/* Begin PBXFileReference section */
		24804DCC25AE9CF000954770 /* Expandable reminder.app */ = {isa = PBXFileReference; explicitFileType = wrapper.application; includeInIndex = 0; path = "Expandable reminder.app"; sourceTree = BUILT_PRODUCTS_DIR; };
		24804DCF25AE9CF000954770 /* Expandable_reminderApp.swift */ = {isa = PBXFileReference; lastKnownFileType = sourcecode.swift; path = Expandable_reminderApp.swift; sourceTree = "<group>"; };
		24804DD125AE9CF000954770 /* ContentView.swift */ = {isa = PBXFileReference; lastKnownFileType = sourcecode.swift; path = ContentView.swift; sourceTree = "<group>"; };
		24804DD325AE9CF100954770 /* Assets.xcassets */ = {isa = PBXFileReference; lastKnownFileType = folder.assetcatalog; path = Assets.xcassets; sourceTree = "<group>"; };
		24804DD625AE9CF100954770 /* Preview Assets.xcassets */ = {isa = PBXFileReference; lastKnownFileType = folder.assetcatalog; path = "Preview Assets.xcassets"; sourceTree = "<group>"; };
		24804DD825AE9CF100954770 /* Info.plist */ = {isa = PBXFileReference; lastKnownFileType = text.plist.xml; path = Info.plist; sourceTree = "<group>"; };
		24804DE425AE9D9000954770 /* reminder.json */ = {isa = PBXFileReference; fileEncoding = 4; lastKnownFileType = text.json; path = reminder.json; sourceTree = "<group>"; };
		24804DE725AE9DDC00954770 /* reminder.swift */ = {isa = PBXFileReference; lastKnownFileType = sourcecode.swift; path = reminder.swift; sourceTree = "<group>"; };
/* End PBXFileReference section */

/* Begin PBXFrameworksBuildPhase section */
		24804DC925AE9CF000954770 /* Frameworks */ = {
			isa = PBXFrameworksBuildPhase;
			buildActionMask = 2147483647;
			files = (
			);
			runOnlyForDeploymentPostprocessing = 0;
		};
/* End PBXFrameworksBuildPhase section */

/* Begin PBXGroup section */
		24804DC325AE9CF000954770 = {
			isa = PBXGroup;
			children = (
				24804DCE25AE9CF000954770 /* Expandable reminder */,
				24804DCD25AE9CF000954770 /* Products */,
			);
			sourceTree = "<group>";
		};
		24804DCD25AE9CF000954770 /* Products */ = {
			isa = PBXGroup;
			children = (
				24804DCC25AE9CF000954770 /* Expandable reminder.app */,
			);
			name = Products;
			sourceTree = "<group>";
		};
		24804DCE25AE9CF000954770 /* Expandable reminder */ = {
			isa = PBXGroup;
			children = (
				24804DE425AE9D9000954770 /* reminder.json */,
				24804DCF25AE9CF000954770 /* Expandable_reminderApp.swift */,
				24804DD125AE9CF000954770 /* ContentView.swift */,
				24804DD325AE9CF100954770 /* Assets.xcassets */,
				24804DD825AE9CF100954770 /* Info.plist */,
				24804DD525AE9CF100954770 /* Preview Content */,
				24804DE725AE9DDC00954770 /* reminder.swift */,
			);
			path = "Expandable reminder";
			sourceTree = "<group>";
		};
		24804DD525AE9CF100954770 /* Preview Content */ = {
			isa = PBXGroup;
			children = (
				24804DD625AE9CF100954770 /* Preview Assets.xcassets */,
			);
			path = "Preview Content";
			sourceTree = "<group>";
		};
/* End PBXGroup section */

/* Begin PBXNativeTarget section */
		24804DCB25AE9CF000954770 /* Expandable reminder */ = {
			isa = PBXNativeTarget;
			buildConfigurationList = 24804DDB25AE9CF100954770 /* Build configuration list for PBXNativeTarget "Expandable reminder" */;
			buildPhases = (
				24804DC825AE9CF000954770 /* Sources */,
				24804DC925AE9CF000954770 /* Frameworks */,
				24804DCA25AE9CF000954770 /* Resources */,
			);
			buildRules = (
			);
			dependencies = (
			);
			name = "Expandable reminder";
			productName = "Expandable reminder";
			productReference = 24804DCC25AE9CF000954770 /* Expandable reminder.app */;
			productType = "com.apple.product-type.application";
		};
/* End PBXNativeTarget section */

/* Begin PBXProject section */
		24804DC425AE9CF000954770 /* Project object */ = {
			isa = PBXProject;
			attributes = {
				LastSwiftUpdateCheck = 1230;
				LastUpgradeCheck = 1230;
				TargetAttributes = {
					24804DCB25AE9CF000954770 = {
						CreatedOnToolsVersion = 12.3;
					};
				};
			};
			buildConfigurationList = 24804DC725AE9CF000954770 /* Build configuration list for PBXProject "Expandable reminder" */;
			compatibilityVersion = "Xcode 9.3";
			developmentRegion = en;
			hasScannedForEncodings = 0;
			knownRegions = (
				en,
				Base,
			);
			mainGroup = 24804DC325AE9CF000954770;
			productRefGroup = 24804DCD25AE9CF000954770 /* Products */;
			projectDirPath = "";
			projectRoot = "";
			targets = (
				24804DCB25AE9CF000954770 /* Expandable reminder */,
			);
		};
/* End PBXProject section */

/* Begin PBXResourcesBuildPhase section */
		24804DCA25AE9CF000954770 /* Resources */ = {
			isa = PBXResourcesBuildPhase;
			buildActionMask = 2147483647;
			files = (
				24804DD725AE9CF100954770 /* Preview Assets.xcassets in Resources */,
				24804DE525AE9D9000954770 /* reminder.json in Resources */,
				24804DD425AE9CF100954770 /* Assets.xcassets in Resources */,
			);
			runOnlyForDeploymentPostprocessing = 0;
		};
/* End PBXResourcesBuildPhase section */

/* Begin PBXSourcesBuildPhase section */
		24804DC825AE9CF000954770 /* Sources */ = {
			isa = PBXSourcesBuildPhase;
			buildActionMask = 2147483647;
			files = (
				24804DD225AE9CF000954770 /* ContentView.swift in Sources */,
				24804DD025AE9CF000954770 /* Expandable_reminderApp.swift in Sources */,
				24804DE825AE9DDC00954770 /* reminder.swift in Sources */,
			);
			runOnlyForDeploymentPostprocessing = 0;
		};
/* End PBXSourcesBuildPhase section */

/* Begin XCBuildConfiguration section */
		24804DD925AE9CF100954770 /* Debug */ = {
			isa = XCBuildConfiguration;
			buildSettings = {
				ALWAYS_SEARCH_USER_PATHS = NO;
				CLANG_ANALYZER_NONNULL = YES;
				CLANG_ANALYZER_NUMBER_OBJECT_CONVERSION = YES_AGGRESSIVE;
				CLANG_CXX_LANGUAGE_STANDARD = "gnu++14";
				CLANG_CXX_LIBRARY = "libc++";
				CLANG_ENABLE_MODULES = YES;
				CLANG_ENABLE_OBJC_ARC = YES;
				CLANG_ENABLE_OBJC_WEAK = YES;
				CLANG_WARN_BLOCK_CAPTURE_AUTORELEASING = YES;
				CLANG_WARN_BOOL_CONVERSION = YES;
				CLANG_WARN_COMMA = YES;
				CLANG_WARN_CONSTANT_CONVERSION = YES;
				CLANG_WARN_DEPRECATED_OBJC_IMPLEMENTATIONS = YES;
				CLANG_WARN_DIRECT_OBJC_ISA_USAGE = YES_ERROR;
				CLANG_WARN_DOCUMENTATION_COMMENTS = YES;
				CLANG_WARN_EMPTY_BODY = YES;
				CLANG_WARN_ENUM_CONVERSION = YES;
				CLANG_WARN_INFINITE_RECURSION = YES;
				CLANG_WARN_INT_CONVERSION = YES;
				CLANG_WARN_NON_LITERAL_NULL_CONVERSION = YES;
				CLANG_WARN_OBJC_IMPLICIT_RETAIN_SELF = YES;
				CLANG_WARN_OBJC_LITERAL_CONVERSION = YES;
				CLANG_WARN_OBJC_ROOT_CLASS = YES_ERROR;
				CLANG_WARN_QUOTED_INCLUDE_IN_FRAMEWORK_HEADER = YES;
				CLANG_WARN_RANGE_LOOP_ANALYSIS = YES;
				CLANG_WARN_STRICT_PROTOTYPES = YES;
				CLANG_WARN_SUSPICIOUS_MOVE = YES;
				CLANG_WARN_UNGUARDED_AVAILABILITY = YES_AGGRESSIVE;
				CLANG_WARN_UNREACHABLE_CODE = YES;
				CLANG_WARN__DUPLICATE_METHOD_MATCH = YES;
				COPY_PHASE_STRIP = NO;
				DEBUG_INFORMATION_FORMAT = dwarf;
				ENABLE_STRICT_OBJC_MSGSEND = YES;
				ENABLE_TESTABILITY = YES;
				GCC_C_LANGUAGE_STANDARD = gnu11;
				GCC_DYNAMIC_NO_PIC = NO;
				GCC_NO_COMMON_BLOCKS = YES;
				GCC_OPTIMIZATION_LEVEL = 0;
				GCC_PREPROCESSOR_DEFINITIONS = (
					"DEBUG=1",
					"$(inherited)",
				);
				GCC_WARN_64_TO_32_BIT_CONVERSION = YES;
				GCC_WARN_ABOUT_RETURN_TYPE = YES_ERROR;
				GCC_WARN_UNDECLARED_SELECTOR = YES;
				GCC_WARN_UNINITIALIZED_AUTOS = YES_AGGRESSIVE;
				GCC_WARN_UNUSED_FUNCTION = YES;
				GCC_WARN_UNUSED_VARIABLE = YES;
				IPHONEOS_DEPLOYMENT_TARGET = 14.3;
				MTL_ENABLE_DEBUG_INFO = INCLUDE_SOURCE;
				MTL_FAST_MATH = YES;
				ONLY_ACTIVE_ARCH = YES;
				SDKROOT = iphoneos;
				SWIFT_ACTIVE_COMPILATION_CONDITIONS = DEBUG;
				SWIFT_OPTIMIZATION_LEVEL = "-Onone";
			};
			name = Debug;
		};
		24804DDA25AE9CF100954770 /* Release */ = {
			isa = XCBuildConfiguration;
			buildSettings = {
				ALWAYS_SEARCH_USER_PATHS = NO;
				CLANG_ANALYZER_NONNULL = YES;
				CLANG_ANALYZER_NUMBER_OBJECT_CONVERSION = YES_AGGRESSIVE;
				CLANG_CXX_LANGUAGE_STANDARD = "gnu++14";
				CLANG_CXX_LIBRARY = "libc++";
				CLANG_ENABLE_MODULES = YES;
				CLANG_ENABLE_OBJC_ARC = YES;
				CLANG_ENABLE_OBJC_WEAK = YES;
				CLANG_WARN_BLOCK_CAPTURE_AUTORELEASING = YES;
				CLANG_WARN_BOOL_CONVERSION = YES;
				CLANG_WARN_COMMA = YES;
				CLANG_WARN_CONSTANT_CONVERSION = YES;
				CLANG_WARN_DEPRECATED_OBJC_IMPLEMENTATIONS = YES;
				CLANG_WARN_DIRECT_OBJC_ISA_USAGE = YES_ERROR;
				CLANG_WARN_DOCUMENTATION_COMMENTS = YES;
				CLANG_WARN_EMPTY_BODY = YES;
				CLANG_WARN_ENUM_CONVERSION = YES;
				CLANG_WARN_INFINITE_RECURSION = YES;
				CLANG_WARN_INT_CONVERSION = YES;
				CLANG_WARN_NON_LITERAL_NULL_CONVERSION = YES;
				CLANG_WARN_OBJC_IMPLICIT_RETAIN_SELF = YES;
				CLANG_WARN_OBJC_LITERAL_CONVERSION = YES;
				CLANG_WARN_OBJC_ROOT_CLASS = YES_ERROR;
				CLANG_WARN_QUOTED_INCLUDE_IN_FRAMEWORK_HEADER = YES;
				CLANG_WARN_RANGE_LOOP_ANALYSIS = YES;
				CLANG_WARN_STRICT_PROTOTYPES = YES;
				CLANG_WARN_SUSPICIOUS_MOVE = YES;
				CLANG_WARN_UNGUARDED_AVAILABILITY = YES_AGGRESSIVE;
				CLANG_WARN_UNREACHABLE_CODE = YES;
				CLANG_WARN__DUPLICATE_METHOD_MATCH = YES;
				COPY_PHASE_STRIP = NO;
				DEBUG_INFORMATION_FORMAT = "dwarf-with-dsym";
				ENABLE_NS_ASSERTIONS = NO;
				ENABLE_STRICT_OBJC_MSGSEND = YES;
				GCC_C_LANGUAGE_STANDARD = gnu11;
				GCC_NO_COMMON_BLOCKS = YES;
				GCC_WARN_64_TO_32_BIT_CONVERSION = YES;
				GCC_WARN_ABOUT_RETURN_TYPE = YES_ERROR;
				GCC_WARN_UNDECLARED_SELECTOR = YES;
				GCC_WARN_UNINITIALIZED_AUTOS = YES_AGGRESSIVE;
				GCC_WARN_UNUSED_FUNCTION = YES;
				GCC_WARN_UNUSED_VARIABLE = YES;
				IPHONEOS_DEPLOYMENT_TARGET = 14.3;
				MTL_ENABLE_DEBUG_INFO = NO;
				MTL_FAST_MATH = YES;
				SDKROOT = iphoneos;
				SWIFT_COMPILATION_MODE = wholemodule;
				SWIFT_OPTIMIZATION_LEVEL = "-O";
				VALIDATE_PRODUCT = YES;
			};
			name = Release;
		};
		24804DDC25AE9CF100954770 /* Debug */ = {
			isa = XCBuildConfiguration;
			buildSettings = {
				ASSETCATALOG_COMPILER_APPICON_NAME = AppIcon;
				ASSETCATALOG_COMPILER_GLOBAL_ACCENT_COLOR_NAME = AccentColor;
				CODE_SIGN_STYLE = Automatic;
				DEVELOPMENT_ASSET_PATHS = "\"Expandable reminder/Preview Content\"";
				DEVELOPMENT_TEAM = 6DTH4JYTC3;
				ENABLE_PREVIEWS = YES;
				INFOPLIST_FILE = "Expandable reminder/Info.plist";
				IPHONEOS_DEPLOYMENT_TARGET = 14.0;
				LD_RUNPATH_SEARCH_PATHS = (
					"$(inherited)",
					"@executable_path/Frameworks",
				);
				PRODUCT_BUNDLE_IDENTIFIER = "test.Expandable-reminder";
				PRODUCT_NAME = "$(TARGET_NAME)";
				SWIFT_VERSION = 5.0;
				TARGETED_DEVICE_FAMILY = "1,2";
			};
			name = Debug;
		};
		24804DDD25AE9CF100954770 /* Release */ = {
			isa = XCBuildConfiguration;
			buildSettings = {
				ASSETCATALOG_COMPILER_APPICON_NAME = AppIcon;
				ASSETCATALOG_COMPILER_GLOBAL_ACCENT_COLOR_NAME = AccentColor;
				CODE_SIGN_STYLE = Automatic;
				DEVELOPMENT_ASSET_PATHS = "\"Expandable reminder/Preview Content\"";
				DEVELOPMENT_TEAM = 6DTH4JYTC3;
				ENABLE_PREVIEWS = YES;
				INFOPLIST_FILE = "Expandable reminder/Info.plist";
				IPHONEOS_DEPLOYMENT_TARGET = 14.0;
				LD_RUNPATH_SEARCH_PATHS = (
					"$(inherited)",
					"@executable_path/Frameworks",
				);
				PRODUCT_BUNDLE_IDENTIFIER = "test.Expandable-reminder";
				PRODUCT_NAME = "$(TARGET_NAME)";
				SWIFT_VERSION = 5.0;
				TARGETED_DEVICE_FAMILY = "1,2";
			};
			name = Release;
		};
/* End XCBuildConfiguration section */

/* Begin XCConfigurationList section */
		24804DC725AE9CF000954770 /* Build configuration list for PBXProject "Expandable reminder" */ = {
			isa = XCConfigurationList;
			buildConfigurations = (
				24804DD925AE9CF100954770 /* Debug */,
				24804DDA25AE9CF100954770 /* Release */,
			);
			defaultConfigurationIsVisible = 0;
			defaultConfigurationName = Release;
		};
		24804DDB25AE9CF100954770 /* Build configuration list for PBXNativeTarget "Expandable reminder" */ = {
			isa = XCConfigurationList;
			buildConfigurations = (
				24804DDC25AE9CF100954770 /* Debug */,
				24804DDD25AE9CF100954770 /* Release */,
			);
			defaultConfigurationIsVisible = 0;
			defaultConfigurationName = Release;
		};
/* End XCConfigurationList section */
	};
	rootObject = 24804DC425AE9CF000954770 /* Project object */;
}
